// !$*UTF8*$!
{
	archiveVersion = 1;
	classes = {
	};
	objectVersion = 55;
	objects = {

/* Begin PBXBuildFile section */
		409D341CF17F75B3D8591048 /* Pods_Collections.framework in Frameworks */ = {isa = PBXBuildFile; fileRef = FC0DEA73437FDB598AFAEAC0 /* Pods_Collections.framework */; };
		F40C39A8280E6CAC00EE48E2 /* TimeCalculation.swift in Sources */ = {isa = PBXBuildFile; fileRef = F40C39A7280E6CAC00EE48E2 /* TimeCalculation.swift */; };
		F40C39C22811247D00EE48E2 /* InitialMainViewController.swift in Sources */ = {isa = PBXBuildFile; fileRef = F40C39C12811247D00EE48E2 /* InitialMainViewController.swift */; };
		F40C39C62811449E00EE48E2 /* NavigationBarExtension.swift in Sources */ = {isa = PBXBuildFile; fileRef = F40C39C52811449E00EE48E2 /* NavigationBarExtension.swift */; };
		F4604122280C160600597B25 /* BigButton.swift in Sources */ = {isa = PBXBuildFile; fileRef = F4604121280C160600597B25 /* BigButton.swift */; };
		F460412E280C4B3600597B25 /* CollectionView.swift in Sources */ = {isa = PBXBuildFile; fileRef = F460412D280C4B3600597B25 /* CollectionView.swift */; };
		F4604130280C75D600597B25 /* CollectionViewCell.swift in Sources */ = {isa = PBXBuildFile; fileRef = F460412F280C75D600597B25 /* CollectionViewCell.swift */; };
		F4604132280C7E2700597B25 /* DictionaryWorkingModel.swift in Sources */ = {isa = PBXBuildFile; fileRef = F4604131280C7E2700597B25 /* DictionaryWorkingModel.swift */; };
		F4C40D5A27FEA5D00058C9BC /* AppDelegate.swift in Sources */ = {isa = PBXBuildFile; fileRef = F4C40D5927FEA5D00058C9BC /* AppDelegate.swift */; };
		F4C40D5C27FEA5D00058C9BC /* SceneDelegate.swift in Sources */ = {isa = PBXBuildFile; fileRef = F4C40D5B27FEA5D00058C9BC /* SceneDelegate.swift */; };
		F4C40D6127FEA5D00058C9BC /* Main.storyboard in Resources */ = {isa = PBXBuildFile; fileRef = F4C40D5F27FEA5D00058C9BC /* Main.storyboard */; };
		F4C40D6327FEA6120058C9BC /* Assets.xcassets in Resources */ = {isa = PBXBuildFile; fileRef = F4C40D6227FEA6120058C9BC /* Assets.xcassets */; };
		F4C40D6627FEA6120058C9BC /* LaunchScreen.storyboard in Resources */ = {isa = PBXBuildFile; fileRef = F4C40D6427FEA6120058C9BC /* LaunchScreen.storyboard */; };
		F4C9350127FECB050099F865 /* AppConstants.swift in Sources */ = {isa = PBXBuildFile; fileRef = F4C9350027FECB050099F865 /* AppConstants.swift */; };
		F4D2E85027FEF29A0048047C /* ColorsConstants.swift in Sources */ = {isa = PBXBuildFile; fileRef = F4D2E84F27FEF29A0048047C /* ColorsConstants.swift */; };
		F4D9FA7428080A38009146FA /* SetViewController.swift in Sources */ = {isa = PBXBuildFile; fileRef = F4D9FA7328080A38009146FA /* SetViewController.swift */; };
		F4D9FA7828080B7B009146FA /* DictionaryViewController.swift in Sources */ = {isa = PBXBuildFile; fileRef = F4D9FA7728080B7B009146FA /* DictionaryViewController.swift */; };
		F4D9FA7C28080C08009146FA /* ArrayViewController.swift in Sources */ = {isa = PBXBuildFile; fileRef = F4D9FA7B28080C08009146FA /* ArrayViewController.swift */; };
		F4D9FA7E28081013009146FA /* ErrorsConstants.swift in Sources */ = {isa = PBXBuildFile; fileRef = F4D9FA7D28081013009146FA /* ErrorsConstants.swift */; };
		F4D9FA93280BE3CF009146FA /* DictionaryMainView.swift in Sources */ = {isa = PBXBuildFile; fileRef = F4D9FA92280BE3CF009146FA /* DictionaryMainView.swift */; };
		F4D9FA95280BE660009146FA /* DictionaryMainModel.swift in Sources */ = {isa = PBXBuildFile; fileRef = F4D9FA94280BE660009146FA /* DictionaryMainModel.swift */; };
/* End PBXBuildFile section */

/* Begin PBXFileReference section */
		9E960AE9B1870A8FA855DDB2 /* Pods-Collections.release.xcconfig */ = {isa = PBXFileReference; includeInIndex = 1; lastKnownFileType = text.xcconfig; name = "Pods-Collections.release.xcconfig"; path = "Target Support Files/Pods-Collections/Pods-Collections.release.xcconfig"; sourceTree = "<group>"; };
		F40C39A7280E6CAC00EE48E2 /* TimeCalculation.swift */ = {isa = PBXFileReference; lastKnownFileType = sourcecode.swift; path = TimeCalculation.swift; sourceTree = "<group>"; };
		F40C39C12811247D00EE48E2 /* InitialMainViewController.swift */ = {isa = PBXFileReference; lastKnownFileType = sourcecode.swift; path = InitialMainViewController.swift; sourceTree = "<group>"; };
		F40C39C52811449E00EE48E2 /* NavigationBarExtension.swift */ = {isa = PBXFileReference; lastKnownFileType = sourcecode.swift; path = NavigationBarExtension.swift; sourceTree = "<group>"; };
		F4604121280C160600597B25 /* BigButton.swift */ = {isa = PBXFileReference; lastKnownFileType = sourcecode.swift; path = BigButton.swift; sourceTree = "<group>"; };
		F460412D280C4B3600597B25 /* CollectionView.swift */ = {isa = PBXFileReference; lastKnownFileType = sourcecode.swift; path = CollectionView.swift; sourceTree = "<group>"; };
		F460412F280C75D600597B25 /* CollectionViewCell.swift */ = {isa = PBXFileReference; lastKnownFileType = sourcecode.swift; path = CollectionViewCell.swift; sourceTree = "<group>"; };
		F4604131280C7E2700597B25 /* DictionaryWorkingModel.swift */ = {isa = PBXFileReference; lastKnownFileType = sourcecode.swift; path = DictionaryWorkingModel.swift; sourceTree = "<group>"; };
		F4C40D5627FEA5D00058C9BC /* Collections.app */ = {isa = PBXFileReference; explicitFileType = wrapper.application; includeInIndex = 0; path = Collections.app; sourceTree = BUILT_PRODUCTS_DIR; };
		F4C40D5927FEA5D00058C9BC /* AppDelegate.swift */ = {isa = PBXFileReference; lastKnownFileType = sourcecode.swift; path = AppDelegate.swift; sourceTree = "<group>"; };
		F4C40D5B27FEA5D00058C9BC /* SceneDelegate.swift */ = {isa = PBXFileReference; lastKnownFileType = sourcecode.swift; path = SceneDelegate.swift; sourceTree = "<group>"; };
		F4C40D6027FEA5D00058C9BC /* Base */ = {isa = PBXFileReference; lastKnownFileType = file.storyboard; name = Base; path = Base.lproj/Main.storyboard; sourceTree = "<group>"; };
		F4C40D6227FEA6120058C9BC /* Assets.xcassets */ = {isa = PBXFileReference; lastKnownFileType = folder.assetcatalog; path = Assets.xcassets; sourceTree = "<group>"; };
		F4C40D6527FEA6120058C9BC /* Base */ = {isa = PBXFileReference; lastKnownFileType = file.storyboard; name = Base; path = Base.lproj/LaunchScreen.storyboard; sourceTree = "<group>"; };
		F4C40D6727FEA6120058C9BC /* Info.plist */ = {isa = PBXFileReference; lastKnownFileType = text.plist.xml; path = Info.plist; sourceTree = "<group>"; };
		F4C9350027FECB050099F865 /* AppConstants.swift */ = {isa = PBXFileReference; lastKnownFileType = sourcecode.swift; path = AppConstants.swift; sourceTree = "<group>"; };
		F4D2E84F27FEF29A0048047C /* ColorsConstants.swift */ = {isa = PBXFileReference; lastKnownFileType = sourcecode.swift; path = ColorsConstants.swift; sourceTree = "<group>"; };
		F4D9FA7328080A38009146FA /* SetViewController.swift */ = {isa = PBXFileReference; lastKnownFileType = sourcecode.swift; path = SetViewController.swift; sourceTree = "<group>"; };
		F4D9FA7728080B7B009146FA /* DictionaryViewController.swift */ = {isa = PBXFileReference; lastKnownFileType = sourcecode.swift; path = DictionaryViewController.swift; sourceTree = "<group>"; };
		F4D9FA7B28080C08009146FA /* ArrayViewController.swift */ = {isa = PBXFileReference; lastKnownFileType = sourcecode.swift; path = ArrayViewController.swift; sourceTree = "<group>"; };
		F4D9FA7D28081013009146FA /* ErrorsConstants.swift */ = {isa = PBXFileReference; lastKnownFileType = sourcecode.swift; path = ErrorsConstants.swift; sourceTree = "<group>"; };
		F4D9FA92280BE3CF009146FA /* DictionaryMainView.swift */ = {isa = PBXFileReference; lastKnownFileType = sourcecode.swift; path = DictionaryMainView.swift; sourceTree = "<group>"; };
		F4D9FA94280BE660009146FA /* DictionaryMainModel.swift */ = {isa = PBXFileReference; lastKnownFileType = sourcecode.swift; path = DictionaryMainModel.swift; sourceTree = "<group>"; };
		FBE04EF89276C6A010993A98 /* Pods-Collections.debug.xcconfig */ = {isa = PBXFileReference; includeInIndex = 1; lastKnownFileType = text.xcconfig; name = "Pods-Collections.debug.xcconfig"; path = "Target Support Files/Pods-Collections/Pods-Collections.debug.xcconfig"; sourceTree = "<group>"; };
		FC0DEA73437FDB598AFAEAC0 /* Pods_Collections.framework */ = {isa = PBXFileReference; explicitFileType = wrapper.framework; includeInIndex = 0; path = Pods_Collections.framework; sourceTree = BUILT_PRODUCTS_DIR; };
/* End PBXFileReference section */

/* Begin PBXFrameworksBuildPhase section */
		F4C40D5327FEA5D00058C9BC /* Frameworks */ = {
			isa = PBXFrameworksBuildPhase;
			buildActionMask = 2147483647;
			files = (
				409D341CF17F75B3D8591048 /* Pods_Collections.framework in Frameworks */,
			);
			runOnlyForDeploymentPostprocessing = 0;
		};
/* End PBXFrameworksBuildPhase section */

/* Begin PBXGroup section */
		F40C39A6280E6C5700EE48E2 /* Protocols */ = {
			isa = PBXGroup;
			children = (
				F40C39A7280E6CAC00EE48E2 /* TimeCalculation.swift */,
			);
			path = Protocols;
			sourceTree = "<group>";
		};
		F40C39C32811440500EE48E2 /* Extensions */ = {
			isa = PBXGroup;
			children = (
				F40C39C42811443500EE48E2 /* UIVIewControllerExtensions */,
			);
			path = Extensions;
			sourceTree = "<group>";
		};
		F40C39C42811443500EE48E2 /* UIVIewControllerExtensions */ = {
			isa = PBXGroup;
			children = (
				F40C39C52811449E00EE48E2 /* NavigationBarExtension.swift */,
			);
			path = UIVIewControllerExtensions;
			sourceTree = "<group>";
		};
		F4604120280C15EA00597B25 /* ElementsViews */ = {
			isa = PBXGroup;
			children = (
				F4604121280C160600597B25 /* BigButton.swift */,
				F460412D280C4B3600597B25 /* CollectionView.swift */,
				F460412F280C75D600597B25 /* CollectionViewCell.swift */,
			);
			path = ElementsViews;
			sourceTree = "<group>";
		};
		F4C40D4D27FEA5D00058C9BC = {
			isa = PBXGroup;
			children = (
				F4C40D5827FEA5D00058C9BC /* Collections */,
				F4C40D5727FEA5D00058C9BC /* Products */,
				FAC236CC5DD43B66C92F3E9F /* Pods */,
				FA16CFD2A5A90720634ED14B /* Frameworks */,
			);
			sourceTree = "<group>";
		};
		F4C40D5727FEA5D00058C9BC /* Products */ = {
			isa = PBXGroup;
			children = (
				F4C40D5627FEA5D00058C9BC /* Collections.app */,
			);
			name = Products;
			sourceTree = "<group>";
		};
		F4C40D5827FEA5D00058C9BC /* Collections */ = {
			isa = PBXGroup;
			children = (
				F40C39C32811440500EE48E2 /* Extensions */,
				F40C39A6280E6C5700EE48E2 /* Protocols */,
				F4604120280C15EA00597B25 /* ElementsViews */,
				F4C934F427FEBB0A0099F865 /* SuportingFiles */,
				F4C934F727FEBD4F0099F865 /* InitialViewControllerModule */,
				F4D9FA7928080BCC009146FA /* ArrayViewControllerModule */,
				F4D9FA7528080B51009146FA /* DictionaryViewControllerModule */,
				F4D9FA7128080A1B009146FA /* SetViewControllerModule */,
			);
			path = Collections;
			sourceTree = "<group>";
		};
		F4C934F427FEBB0A0099F865 /* SuportingFiles */ = {
			isa = PBXGroup;
			children = (
				F4C934FF27FECAB70099F865 /* Constants */,
				F4C934F527FEBB230099F865 /* Application */,
				F4C934F627FEBB3C0099F865 /* View */,
				F4C40D6227FEA6120058C9BC /* Assets.xcassets */,
				F4C40D6727FEA6120058C9BC /* Info.plist */,
			);
			path = SuportingFiles;
			sourceTree = "<group>";
		};
		F4C934F527FEBB230099F865 /* Application */ = {
			isa = PBXGroup;
			children = (
				F4C40D5B27FEA5D00058C9BC /* SceneDelegate.swift */,
				F4C40D5927FEA5D00058C9BC /* AppDelegate.swift */,
			);
			path = Application;
			sourceTree = "<group>";
		};
		F4C934F627FEBB3C0099F865 /* View */ = {
			isa = PBXGroup;
			children = (
				F4C40D6427FEA6120058C9BC /* LaunchScreen.storyboard */,
				F4C40D5F27FEA5D00058C9BC /* Main.storyboard */,
			);
			path = View;
			sourceTree = "<group>";
		};
		F4C934F727FEBD4F0099F865 /* InitialViewControllerModule */ = {
			isa = PBXGroup;
			children = (
				F4C934F827FEBD640099F865 /* Controller */,
			);
			path = InitialViewControllerModule;
			sourceTree = "<group>";
		};
		F4C934F827FEBD640099F865 /* Controller */ = {
			isa = PBXGroup;
			children = (
				F40C39C12811247D00EE48E2 /* InitialMainViewController.swift */,
			);
			path = Controller;
			sourceTree = "<group>";
		};
		F4C934FF27FECAB70099F865 /* Constants */ = {
			isa = PBXGroup;
			children = (
				F4C9350027FECB050099F865 /* AppConstants.swift */,
				F4D2E84F27FEF29A0048047C /* ColorsConstants.swift */,
				F4D9FA7D28081013009146FA /* ErrorsConstants.swift */,
			);
			path = Constants;
			sourceTree = "<group>";
		};
		F4D9FA7128080A1B009146FA /* SetViewControllerModule */ = {
			isa = PBXGroup;
			children = (
				F4D9FA7228080A23009146FA /* Controller */,
			);
			path = SetViewControllerModule;
			sourceTree = "<group>";
		};
		F4D9FA7228080A23009146FA /* Controller */ = {
			isa = PBXGroup;
			children = (
				F4D9FA7328080A38009146FA /* SetViewController.swift */,
			);
			path = Controller;
			sourceTree = "<group>";
		};
		F4D9FA7528080B51009146FA /* DictionaryViewControllerModule */ = {
			isa = PBXGroup;
			children = (
				F4D9FA91280BE3A9009146FA /* Model */,
				F4D9FA90280BE394009146FA /* View */,
				F4D9FA7628080B67009146FA /* Controller */,
			);
			path = DictionaryViewControllerModule;
			sourceTree = "<group>";
		};
		F4D9FA7628080B67009146FA /* Controller */ = {
			isa = PBXGroup;
			children = (
				F4D9FA7728080B7B009146FA /* DictionaryViewController.swift */,
			);
			path = Controller;
			sourceTree = "<group>";
		};
		F4D9FA7928080BCC009146FA /* ArrayViewControllerModule */ = {
			isa = PBXGroup;
			children = (
				F4D9FA7A28080BF4009146FA /* Controller */,
			);
			path = ArrayViewControllerModule;
			sourceTree = "<group>";
		};
		F4D9FA7A28080BF4009146FA /* Controller */ = {
			isa = PBXGroup;
			children = (
				F4D9FA7B28080C08009146FA /* ArrayViewController.swift */,
			);
			path = Controller;
			sourceTree = "<group>";
		};
		F4D9FA90280BE394009146FA /* View */ = {
			isa = PBXGroup;
			children = (
				F4D9FA92280BE3CF009146FA /* DictionaryMainView.swift */,
			);
			path = View;
			sourceTree = "<group>";
		};
		F4D9FA91280BE3A9009146FA /* Model */ = {
			isa = PBXGroup;
			children = (
				F4D9FA94280BE660009146FA /* DictionaryMainModel.swift */,
				F4604131280C7E2700597B25 /* DictionaryWorkingModel.swift */,
			);
			path = Model;
			sourceTree = "<group>";
		};
		FA16CFD2A5A90720634ED14B /* Frameworks */ = {
			isa = PBXGroup;
			children = (
				FC0DEA73437FDB598AFAEAC0 /* Pods_Collections.framework */,
			);
			name = Frameworks;
			sourceTree = "<group>";
		};
		FAC236CC5DD43B66C92F3E9F /* Pods */ = {
			isa = PBXGroup;
			children = (
				FBE04EF89276C6A010993A98 /* Pods-Collections.debug.xcconfig */,
				9E960AE9B1870A8FA855DDB2 /* Pods-Collections.release.xcconfig */,
			);
			path = Pods;
			sourceTree = "<group>";
		};
/* End PBXGroup section */

/* Begin PBXNativeTarget section */
		F4C40D5527FEA5D00058C9BC /* Collections */ = {
			isa = PBXNativeTarget;
			buildConfigurationList = F4C40D6A27FEA6120058C9BC /* Build configuration list for PBXNativeTarget "Collections" */;
			buildPhases = (
				F4C934F327FEAB070099F865 /* ShellScript */,
				A3238DEC8243D63CF73A843E /* [CP] Check Pods Manifest.lock */,
				F4C40D5227FEA5D00058C9BC /* Sources */,
				F4C40D5327FEA5D00058C9BC /* Frameworks */,
				F4C40D5427FEA5D00058C9BC /* Resources */,
			);
			buildRules = (
			);
			dependencies = (
			);
			name = Collections;
			productName = Collections;
			productReference = F4C40D5627FEA5D00058C9BC /* Collections.app */;
			productType = "com.apple.product-type.application";
		};
/* End PBXNativeTarget section */

/* Begin PBXProject section */
		F4C40D4E27FEA5D00058C9BC /* Project object */ = {
			isa = PBXProject;
			attributes = {
				BuildIndependentTargetsInParallel = 1;
				LastSwiftUpdateCheck = 1320;
				LastUpgradeCheck = 1320;
				TargetAttributes = {
					F4C40D5527FEA5D00058C9BC = {
						CreatedOnToolsVersion = 13.2.1;
					};
				};
			};
			buildConfigurationList = F4C40D5127FEA5D00058C9BC /* Build configuration list for PBXProject "Collections" */;
			compatibilityVersion = "Xcode 13.0";
			developmentRegion = en;
			hasScannedForEncodings = 0;
			knownRegions = (
				en,
				Base,
			);
			mainGroup = F4C40D4D27FEA5D00058C9BC;
			productRefGroup = F4C40D5727FEA5D00058C9BC /* Products */;
			projectDirPath = "";
			projectRoot = "";
			targets = (
				F4C40D5527FEA5D00058C9BC /* Collections */,
			);
		};
/* End PBXProject section */

/* Begin PBXResourcesBuildPhase section */
		F4C40D5427FEA5D00058C9BC /* Resources */ = {
			isa = PBXResourcesBuildPhase;
			buildActionMask = 2147483647;
			files = (
				F4C40D6627FEA6120058C9BC /* LaunchScreen.storyboard in Resources */,
				F4C40D6327FEA6120058C9BC /* Assets.xcassets in Resources */,
				F4C40D6127FEA5D00058C9BC /* Main.storyboard in Resources */,
			);
			runOnlyForDeploymentPostprocessing = 0;
		};
/* End PBXResourcesBuildPhase section */

/* Begin PBXShellScriptBuildPhase section */
		A3238DEC8243D63CF73A843E /* [CP] Check Pods Manifest.lock */ = {
			isa = PBXShellScriptBuildPhase;
			buildActionMask = 2147483647;
			files = (
			);
			inputFileListPaths = (
			);
			inputPaths = (
				"${PODS_PODFILE_DIR_PATH}/Podfile.lock",
				"${PODS_ROOT}/Manifest.lock",
			);
			name = "[CP] Check Pods Manifest.lock";
			outputFileListPaths = (
			);
			outputPaths = (
				"$(DERIVED_FILE_DIR)/Pods-Collections-checkManifestLockResult.txt",
			);
			runOnlyForDeploymentPostprocessing = 0;
			shellPath = /bin/sh;
			shellScript = "diff \"${PODS_PODFILE_DIR_PATH}/Podfile.lock\" \"${PODS_ROOT}/Manifest.lock\" > /dev/null\nif [ $? != 0 ] ; then\n    # print error to STDERR\n    echo \"error: The sandbox is not in sync with the Podfile.lock. Run 'pod install' or update your CocoaPods installation.\" >&2\n    exit 1\nfi\n# This output is used by Xcode 'outputs' to avoid re-running this script phase.\necho \"SUCCESS\" > \"${SCRIPT_OUTPUT_FILE_0}\"\n";
			showEnvVarsInLog = 0;
		};
		F4C934F327FEAB070099F865 /* ShellScript */ = {
			isa = PBXShellScriptBuildPhase;
			buildActionMask = 2147483647;
			files = (
			);
			inputFileListPaths = (
			);
			inputPaths = (
			);
			outputFileListPaths = (
			);
			outputPaths = (
			);
			runOnlyForDeploymentPostprocessing = 0;
			shellPath = /bin/sh;
			shellScript = "\"${PODS_ROOT}/SwiftLint/swiftlint\"\n";
		};
/* End PBXShellScriptBuildPhase section */

/* Begin PBXSourcesBuildPhase section */
		F4C40D5227FEA5D00058C9BC /* Sources */ = {
			isa = PBXSourcesBuildPhase;
			buildActionMask = 2147483647;
			files = (
				F4D9FA7828080B7B009146FA /* DictionaryViewController.swift in Sources */,
				F40C39C22811247D00EE48E2 /* InitialMainViewController.swift in Sources */,
				F460412E280C4B3600597B25 /* CollectionView.swift in Sources */,
				F4D9FA7428080A38009146FA /* SetViewController.swift in Sources */,
				F4604122280C160600597B25 /* BigButton.swift in Sources */,
				F4604130280C75D600597B25 /* CollectionViewCell.swift in Sources */,
				F40C39C62811449E00EE48E2 /* NavigationBarExtension.swift in Sources */,
				F4C9350127FECB050099F865 /* AppConstants.swift in Sources */,
				F4604132280C7E2700597B25 /* DictionaryWorkingModel.swift in Sources */,
				F4D9FA95280BE660009146FA /* DictionaryMainModel.swift in Sources */,
				F4C40D5E27FEA5D00058C9BC /* InitialMainViewController.swift in Sources */,
				F4C40D5A27FEA5D00058C9BC /* AppDelegate.swift in Sources */,
				F4D9FA93280BE3CF009146FA /* DictionaryMainView.swift in Sources */,
				F4D9FA7E28081013009146FA /* ErrorsConstants.swift in Sources */,
				F4C40D5C27FEA5D00058C9BC /* SceneDelegate.swift in Sources */,
				F4D2E85027FEF29A0048047C /* ColorsConstants.swift in Sources */,
				F40C39A8280E6CAC00EE48E2 /* TimeCalculation.swift in Sources */,
				F4D9FA7C28080C08009146FA /* ArrayViewController.swift in Sources */,
			);
			runOnlyForDeploymentPostprocessing = 0;
		};
/* End PBXSourcesBuildPhase section */

/* Begin PBXVariantGroup section */
		F4C40D5F27FEA5D00058C9BC /* Main.storyboard */ = {
			isa = PBXVariantGroup;
			children = (
				F4C40D6027FEA5D00058C9BC /* Base */,
			);
			name = Main.storyboard;
			sourceTree = "<group>";
		};
		F4C40D6427FEA6120058C9BC /* LaunchScreen.storyboard */ = {
			isa = PBXVariantGroup;
			children = (
				F4C40D6527FEA6120058C9BC /* Base */,
			);
			name = LaunchScreen.storyboard;
			sourceTree = "<group>";
		};
/* End PBXVariantGroup section */

/* Begin XCBuildConfiguration section */
		F4C40D6827FEA6120058C9BC /* Debug */ = {
			isa = XCBuildConfiguration;
			buildSettings = {
				ALWAYS_SEARCH_USER_PATHS = NO;
				CLANG_ANALYZER_NONNULL = YES;
				CLANG_ANALYZER_NUMBER_OBJECT_CONVERSION = YES_AGGRESSIVE;
				CLANG_CXX_LANGUAGE_STANDARD = "gnu++17";
				CLANG_CXX_LIBRARY = "libc++";
				CLANG_ENABLE_MODULES = YES;
				CLANG_ENABLE_OBJC_ARC = YES;
				CLANG_ENABLE_OBJC_WEAK = YES;
				CLANG_WARN_BLOCK_CAPTURE_AUTORELEASING = YES;
				CLANG_WARN_BOOL_CONVERSION = YES;
				CLANG_WARN_COMMA = YES;
				CLANG_WARN_CONSTANT_CONVERSION = YES;
				CLANG_WARN_DEPRECATED_OBJC_IMPLEMENTATIONS = YES;
				CLANG_WARN_DIRECT_OBJC_ISA_USAGE = YES_ERROR;
				CLANG_WARN_DOCUMENTATION_COMMENTS = YES;
				CLANG_WARN_EMPTY_BODY = YES;
				CLANG_WARN_ENUM_CONVERSION = YES;
				CLANG_WARN_INFINITE_RECURSION = YES;
				CLANG_WARN_INT_CONVERSION = YES;
				CLANG_WARN_NON_LITERAL_NULL_CONVERSION = YES;
				CLANG_WARN_OBJC_IMPLICIT_RETAIN_SELF = YES;
				CLANG_WARN_OBJC_LITERAL_CONVERSION = YES;
				CLANG_WARN_OBJC_ROOT_CLASS = YES_ERROR;
				CLANG_WARN_QUOTED_INCLUDE_IN_FRAMEWORK_HEADER = YES;
				CLANG_WARN_RANGE_LOOP_ANALYSIS = YES;
				CLANG_WARN_STRICT_PROTOTYPES = YES;
				CLANG_WARN_SUSPICIOUS_MOVE = YES;
				CLANG_WARN_UNGUARDED_AVAILABILITY = YES_AGGRESSIVE;
				CLANG_WARN_UNREACHABLE_CODE = YES;
				CLANG_WARN__DUPLICATE_METHOD_MATCH = YES;
				COPY_PHASE_STRIP = NO;
				DEBUG_INFORMATION_FORMAT = dwarf;
				ENABLE_STRICT_OBJC_MSGSEND = YES;
				ENABLE_TESTABILITY = YES;
				GCC_C_LANGUAGE_STANDARD = gnu11;
				GCC_DYNAMIC_NO_PIC = NO;
				GCC_NO_COMMON_BLOCKS = YES;
				GCC_OPTIMIZATION_LEVEL = 0;
				GCC_PREPROCESSOR_DEFINITIONS = (
					"DEBUG=1",
					"$(inherited)",
				);
				GCC_WARN_64_TO_32_BIT_CONVERSION = YES;
				GCC_WARN_ABOUT_RETURN_TYPE = YES_ERROR;
				GCC_WARN_UNDECLARED_SELECTOR = YES;
				GCC_WARN_UNINITIALIZED_AUTOS = YES_AGGRESSIVE;
				GCC_WARN_UNUSED_FUNCTION = YES;
				GCC_WARN_UNUSED_VARIABLE = YES;
				IPHONEOS_DEPLOYMENT_TARGET = 14.2;
				MTL_ENABLE_DEBUG_INFO = INCLUDE_SOURCE;
				MTL_FAST_MATH = YES;
				ONLY_ACTIVE_ARCH = YES;
				SDKROOT = iphoneos;
				SWIFT_ACTIVE_COMPILATION_CONDITIONS = DEBUG;
				SWIFT_OPTIMIZATION_LEVEL = "-Onone";
			};
			name = Debug;
		};
		F4C40D6927FEA6120058C9BC /* Release */ = {
			isa = XCBuildConfiguration;
			buildSettings = {
				ALWAYS_SEARCH_USER_PATHS = NO;
				CLANG_ANALYZER_NONNULL = YES;
				CLANG_ANALYZER_NUMBER_OBJECT_CONVERSION = YES_AGGRESSIVE;
				CLANG_CXX_LANGUAGE_STANDARD = "gnu++17";
				CLANG_CXX_LIBRARY = "libc++";
				CLANG_ENABLE_MODULES = YES;
				CLANG_ENABLE_OBJC_ARC = YES;
				CLANG_ENABLE_OBJC_WEAK = YES;
				CLANG_WARN_BLOCK_CAPTURE_AUTORELEASING = YES;
				CLANG_WARN_BOOL_CONVERSION = YES;
				CLANG_WARN_COMMA = YES;
				CLANG_WARN_CONSTANT_CONVERSION = YES;
				CLANG_WARN_DEPRECATED_OBJC_IMPLEMENTATIONS = YES;
				CLANG_WARN_DIRECT_OBJC_ISA_USAGE = YES_ERROR;
				CLANG_WARN_DOCUMENTATION_COMMENTS = YES;
				CLANG_WARN_EMPTY_BODY = YES;
				CLANG_WARN_ENUM_CONVERSION = YES;
				CLANG_WARN_INFINITE_RECURSION = YES;
				CLANG_WARN_INT_CONVERSION = YES;
				CLANG_WARN_NON_LITERAL_NULL_CONVERSION = YES;
				CLANG_WARN_OBJC_IMPLICIT_RETAIN_SELF = YES;
				CLANG_WARN_OBJC_LITERAL_CONVERSION = YES;
				CLANG_WARN_OBJC_ROOT_CLASS = YES_ERROR;
				CLANG_WARN_QUOTED_INCLUDE_IN_FRAMEWORK_HEADER = YES;
				CLANG_WARN_RANGE_LOOP_ANALYSIS = YES;
				CLANG_WARN_STRICT_PROTOTYPES = YES;
				CLANG_WARN_SUSPICIOUS_MOVE = YES;
				CLANG_WARN_UNGUARDED_AVAILABILITY = YES_AGGRESSIVE;
				CLANG_WARN_UNREACHABLE_CODE = YES;
				CLANG_WARN__DUPLICATE_METHOD_MATCH = YES;
				COPY_PHASE_STRIP = NO;
				DEBUG_INFORMATION_FORMAT = "dwarf-with-dsym";
				ENABLE_NS_ASSERTIONS = NO;
				ENABLE_STRICT_OBJC_MSGSEND = YES;
				GCC_C_LANGUAGE_STANDARD = gnu11;
				GCC_NO_COMMON_BLOCKS = YES;
				GCC_WARN_64_TO_32_BIT_CONVERSION = YES;
				GCC_WARN_ABOUT_RETURN_TYPE = YES_ERROR;
				GCC_WARN_UNDECLARED_SELECTOR = YES;
				GCC_WARN_UNINITIALIZED_AUTOS = YES_AGGRESSIVE;
				GCC_WARN_UNUSED_FUNCTION = YES;
				GCC_WARN_UNUSED_VARIABLE = YES;
				IPHONEOS_DEPLOYMENT_TARGET = 14.2;
				MTL_ENABLE_DEBUG_INFO = NO;
				MTL_FAST_MATH = YES;
				SDKROOT = iphoneos;
				SWIFT_COMPILATION_MODE = wholemodule;
				SWIFT_OPTIMIZATION_LEVEL = "-O";
				VALIDATE_PRODUCT = YES;
			};
			name = Release;
		};
		F4C40D6B27FEA6120058C9BC /* Debug */ = {
			isa = XCBuildConfiguration;
			baseConfigurationReference = FBE04EF89276C6A010993A98 /* Pods-Collections.debug.xcconfig */;
			buildSettings = {
				ASSETCATALOG_COMPILER_APPICON_NAME = AppIcon;
				ASSETCATALOG_COMPILER_GLOBAL_ACCENT_COLOR_NAME = AccentColor;
				CODE_SIGN_STYLE = Automatic;
				CURRENT_PROJECT_VERSION = 1;
				DEVELOPMENT_TEAM = 34XV2JSY5D;
				GENERATE_INFOPLIST_FILE = YES;
				INFOPLIST_FILE = Collections/SuportingFiles/Info.plist;
				INFOPLIST_KEY_UIApplicationSupportsIndirectInputEvents = YES;
				INFOPLIST_KEY_UILaunchStoryboardName = LaunchScreen;
				INFOPLIST_KEY_UIMainStoryboardFile = Main;
				INFOPLIST_KEY_UISupportedInterfaceOrientations = UIInterfaceOrientationPortrait;
				INFOPLIST_KEY_UISupportedInterfaceOrientations_iPad = "UIInterfaceOrientationPortrait UIInterfaceOrientationPortraitUpsideDown UIInterfaceOrientationLandscapeLeft UIInterfaceOrientationLandscapeRight";
				INFOPLIST_KEY_UISupportedInterfaceOrientations_iPhone = "UIInterfaceOrientationPortrait UIInterfaceOrientationLandscapeLeft UIInterfaceOrientationLandscapeRight";
				IPHONEOS_DEPLOYMENT_TARGET = 14.2;
				LD_RUNPATH_SEARCH_PATHS = (
					"$(inherited)",
					"@executable_path/Frameworks",
				);
				MARKETING_VERSION = 1.0;
				PRODUCT_BUNDLE_IDENTIFIER = "Artem-Shcherban.Collections";
				PRODUCT_NAME = "$(TARGET_NAME)";
				SWIFT_EMIT_LOC_STRINGS = YES;
				SWIFT_VERSION = 5.0;
				TARGETED_DEVICE_FAMILY = "1,2";
			};
			name = Debug;
		};
		F4C40D6C27FEA6120058C9BC /* Release */ = {
			isa = XCBuildConfiguration;
			baseConfigurationReference = 9E960AE9B1870A8FA855DDB2 /* Pods-Collections.release.xcconfig */;
			buildSettings = {
				ASSETCATALOG_COMPILER_APPICON_NAME = AppIcon;
				ASSETCATALOG_COMPILER_GLOBAL_ACCENT_COLOR_NAME = AccentColor;
				CODE_SIGN_STYLE = Automatic;
				CURRENT_PROJECT_VERSION = 1;
				DEVELOPMENT_TEAM = 34XV2JSY5D;
				GENERATE_INFOPLIST_FILE = YES;
				INFOPLIST_FILE = Collections/SuportingFiles/Info.plist;
				INFOPLIST_KEY_UIApplicationSupportsIndirectInputEvents = YES;
				INFOPLIST_KEY_UILaunchStoryboardName = LaunchScreen;
				INFOPLIST_KEY_UIMainStoryboardFile = Main;
				INFOPLIST_KEY_UISupportedInterfaceOrientations = UIInterfaceOrientationPortrait;
				INFOPLIST_KEY_UISupportedInterfaceOrientations_iPad = "UIInterfaceOrientationPortrait UIInterfaceOrientationPortraitUpsideDown UIInterfaceOrientationLandscapeLeft UIInterfaceOrientationLandscapeRight";
				INFOPLIST_KEY_UISupportedInterfaceOrientations_iPhone = "UIInterfaceOrientationPortrait UIInterfaceOrientationLandscapeLeft UIInterfaceOrientationLandscapeRight";
				IPHONEOS_DEPLOYMENT_TARGET = 14.2;
				LD_RUNPATH_SEARCH_PATHS = (
					"$(inherited)",
					"@executable_path/Frameworks",
				);
				MARKETING_VERSION = 1.0;
				PRODUCT_BUNDLE_IDENTIFIER = "Artem-Shcherban.Collections";
				PRODUCT_NAME = "$(TARGET_NAME)";
				SWIFT_EMIT_LOC_STRINGS = YES;
				SWIFT_VERSION = 5.0;
				TARGETED_DEVICE_FAMILY = "1,2";
			};
			name = Release;
		};
/* End XCBuildConfiguration section */

/* Begin XCConfigurationList section */
		F4C40D5127FEA5D00058C9BC /* Build configuration list for PBXProject "Collections" */ = {
			isa = XCConfigurationList;
			buildConfigurations = (
				F4C40D6827FEA6120058C9BC /* Debug */,
				F4C40D6927FEA6120058C9BC /* Release */,
			);
			defaultConfigurationIsVisible = 0;
			defaultConfigurationName = Release;
		};
		F4C40D6A27FEA6120058C9BC /* Build configuration list for PBXNativeTarget "Collections" */ = {
			isa = XCConfigurationList;
			buildConfigurations = (
				F4C40D6B27FEA6120058C9BC /* Debug */,
				F4C40D6C27FEA6120058C9BC /* Release */,
			);
			defaultConfigurationIsVisible = 0;
			defaultConfigurationName = Release;
		};
/* End XCConfigurationList section */
	};
	rootObject = F4C40D4E27FEA5D00058C9BC /* Project object */;
}
